{
  "name": "array-helper",
  "version": "1.0.0",
  "lockfileVersion": 3,
  "requires": true,
  "packages": {
    "": {
      "name": "array-helper",
      "version": "1.0.0",
      "license": "MIT",
      "dependencies": {
        "array-helper": "^0.0.1"
      }
    },
    "node_modules/array-helper": {
      "version": "0.0.1",
      "resolved": "https://registry.npmjs.org/array-helper/-/array-helper-0.0.1.tgz",
      "integrity": "sha512-zkEoEVJGD5k+LQOsXT3MMuKB/P7XKI5qqASp05SIIoK9MF8y5btABj1k4A7XbS0H8wAm/AoPSfNTMDMA/Egj4w==",
      "engines": {
        "node": "~0.6.7"
      }
    }
  }
}
